
Microsoft Visual Studio Solution File, Format Version 12.00
# Visual Studio 15
VisualStudioVersion = 15.0.26124.0
MinimumVisualStudioVersion = 15.0.26124.0
Project("{FAE04EC0-301F-11D3-BF4B-00C04F79EFBC}") = "DependencyResolver", "DependencyResolver\DependencyResolver.csproj", "{EE1CFB7D-9561-46B9-9C22-6C7BFBFF7BC3}"
EndProject
Project("{FAE04EC0-301F-11D3-BF4B-00C04F79EFBC}") = "DependencyResolver.Tests", "DependencyResolver.Tests\DependencyResolver.Tests.csproj", "{92515984-B455-41FE-BE2B-F57B96A1570F}"
EndProject
Global
	GlobalSection(SolutionConfigurationPlatforms) = preSolution
		Debug|Any CPU = Debug|Any CPU
		Debug|x64 = Debug|x64
		Debug|x86 = Debug|x86
		Release|Any CPU = Release|Any CPU
		Release|x64 = Release|x64
		Release|x86 = Release|x86
	EndGlobalSection
	GlobalSection(SolutionProperties) = preSolution
		HideSolutionNode = FALSE
	EndGlobalSection
	GlobalSection(ProjectConfigurationPlatforms) = postSolution
		{EE1CFB7D-9561-46B9-9C22-6C7BFBFF7BC3}.Debug|Any CPU.ActiveCfg = Debug|Any CPU
		{EE1CFB7D-9561-46B9-9C22-6C7BFBFF7BC3}.Debug|Any CPU.Build.0 = Debug|Any CPU
		{EE1CFB7D-9561-46B9-9C22-6C7BFBFF7BC3}.Debug|x64.ActiveCfg = Debug|Any CPU
		{EE1CFB7D-9561-46B9-9C22-6C7BFBFF7BC3}.Debug|x64.Build.0 = Debug|Any CPU
		{EE1CFB7D-9561-46B9-9C22-6C7BFBFF7BC3}.Debug|x86.ActiveCfg = Debug|Any CPU
		{EE1CFB7D-9561-46B9-9C22-6C7BFBFF7BC3}.Debug|x86.Build.0 = Debug|Any CPU
		{EE1CFB7D-9561-46B9-9C22-6C7BFBFF7BC3}.Release|Any CPU.ActiveCfg = Release|Any CPU
		{EE1CFB7D-9561-46B9-9C22-6C7BFBFF7BC3}.Release|Any CPU.Build.0 = Release|Any CPU
		{EE1CFB7D-9561-46B9-9C22-6C7BFBFF7BC3}.Release|x64.ActiveCfg = Release|Any CPU
		{EE1CFB7D-9561-46B9-9C22-6C7BFBFF7BC3}.Release|x64.Build.0 = Release|Any CPU
		{EE1CFB7D-9561-46B9-9C22-6C7BFBFF7BC3}.Release|x86.ActiveCfg = Release|Any CPU
		{EE1CFB7D-9561-46B9-9C22-6C7BFBFF7BC3}.Release|x86.Build.0 = Release|Any CPU
		{92515984-B455-41FE-BE2B-F57B96A1570F}.Debug|Any CPU.ActiveCfg = Debug|Any CPU
		{92515984-B455-41FE-BE2B-F57B96A1570F}.Debug|Any CPU.Build.0 = Debug|Any CPU
		{92515984-B455-41FE-BE2B-F57B96A1570F}.Debug|x64.ActiveCfg = Debug|Any CPU
		{92515984-B455-41FE-BE2B-F57B96A1570F}.Debug|x64.Build.0 = Debug|Any CPU
		{92515984-B455-41FE-BE2B-F57B96A1570F}.Debug|x86.ActiveCfg = Debug|Any CPU
		{92515984-B455-41FE-BE2B-F57B96A1570F}.Debug|x86.Build.0 = Debug|Any CPU
		{92515984-B455-41FE-BE2B-F57B96A1570F}.Release|Any CPU.ActiveCfg = Release|Any CPU
		{92515984-B455-41FE-BE2B-F57B96A1570F}.Release|Any CPU.Build.0 = Release|Any CPU
		{92515984-B455-41FE-BE2B-F57B96A1570F}.Release|x64.ActiveCfg = Release|Any CPU
		{92515984-B455-41FE-BE2B-F57B96A1570F}.Release|x64.Build.0 = Release|Any CPU
		{92515984-B455-41FE-BE2B-F57B96A1570F}.Release|x86.ActiveCfg = Release|Any CPU
		{92515984-B455-41FE-BE2B-F57B96A1570F}.Release|x86.Build.0 = Release|Any CPU
	EndGlobalSection
EndGlobal
